// !$*UTF8*$!
{
	archiveVersion = 1;
	classes = {
	};
	objectVersion = 46;
	objects = {

/* Begin PBXBuildFile section */
		3FFDD0121BFE46A200E7A0FF /* AppDelegate.swift in Sources */ = {isa = PBXBuildFile; fileRef = 3FFDD0111BFE46A200E7A0FF /* AppDelegate.swift */; };
		3FFDD0141BFE46A200E7A0FF /* ViewController.swift in Sources */ = {isa = PBXBuildFile; fileRef = 3FFDD0131BFE46A200E7A0FF /* ViewController.swift */; };
		3FFDD0171BFE46A200E7A0FF /* Main.storyboard in Resources */ = {isa = PBXBuildFile; fileRef = 3FFDD0151BFE46A200E7A0FF /* Main.storyboard */; };
		3FFDD0191BFE46A200E7A0FF /* Images.xcassets in Resources */ = {isa = PBXBuildFile; fileRef = 3FFDD0181BFE46A200E7A0FF /* Images.xcassets */; };
		3FFDD01C1BFE46A200E7A0FF /* LaunchScreen.xib in Resources */ = {isa = PBXBuildFile; fileRef = 3FFDD01A1BFE46A200E7A0FF /* LaunchScreen.xib */; };
		3FFDD0281BFE46A200E7A0FF /* Connect Four.swift in Sources */ = {isa = PBXBuildFile; fileRef = 3FFDD0271BFE46A200E7A0FF /* Connect Four.swift */; };
		3FFDD0321BFE485300E7A0FF /* GridLabel.swift in Sources */ = {isa = PBXBuildFile; fileRef = 3FFDD0311BFE485300E7A0FF /* GridLabel.swift */; };
/* End PBXBuildFile section */

/* Begin PBXContainerItemProxy section */
		3FFDD0221BFE46A200E7A0FF /* PBXContainerItemProxy */ = {
			isa = PBXContainerItemProxy;
			containerPortal = 3FFDD0041BFE46A200E7A0FF /* Project object */;
			proxyType = 1;
			remoteGlobalIDString = 3FFDD00B1BFE46A200E7A0FF;
			remoteInfo = TicTacToe;
		};
/* End PBXContainerItemProxy section */

/* Begin PBXFileReference section */
		3FFDD00C1BFE46A200E7A0FF /* Connect Four.app */ = {isa = PBXFileReference; explicitFileType = wrapper.application; includeInIndex = 0; path = "Connect Four.app"; sourceTree = BUILT_PRODUCTS_DIR; };
		3FFDD0101BFE46A200E7A0FF /* Info.plist */ = {isa = PBXFileReference; lastKnownFileType = text.plist.xml; path = Info.plist; sourceTree = "<group>"; };
		3FFDD0111BFE46A200E7A0FF /* AppDelegate.swift */ = {isa = PBXFileReference; lastKnownFileType = sourcecode.swift; path = AppDelegate.swift; sourceTree = "<group>"; };
		3FFDD0131BFE46A200E7A0FF /* ViewController.swift */ = {isa = PBXFileReference; lastKnownFileType = sourcecode.swift; path = ViewController.swift; sourceTree = "<group>"; };
		3FFDD0161BFE46A200E7A0FF /* Base */ = {isa = PBXFileReference; lastKnownFileType = file.storyboard; name = Base; path = Base.lproj/Main.storyboard; sourceTree = "<group>"; };
		3FFDD0181BFE46A200E7A0FF /* Images.xcassets */ = {isa = PBXFileReference; lastKnownFileType = folder.assetcatalog; path = Images.xcassets; sourceTree = "<group>"; };
		3FFDD01B1BFE46A200E7A0FF /* Base */ = {isa = PBXFileReference; lastKnownFileType = file.xib; name = Base; path = Base.lproj/LaunchScreen.xib; sourceTree = "<group>"; };
		3FFDD0211BFE46A200E7A0FF /* Connect Four.xctest */ = {isa = PBXFileReference; explicitFileType = wrapper.cfbundle; includeInIndex = 0; path = "Connect Four.xctest"; sourceTree = BUILT_PRODUCTS_DIR; };
		3FFDD0261BFE46A200E7A0FF /* Info.plist */ = {isa = PBXFileReference; lastKnownFileType = text.plist.xml; path = Info.plist; sourceTree = "<group>"; };
		3FFDD0271BFE46A200E7A0FF /* Connect Four.swift */ = {isa = PBXFileReference; lastKnownFileType = sourcecode.swift; path = "Connect Four.swift"; sourceTree = "<group>"; };
		3FFDD0311BFE485300E7A0FF /* GridLabel.swift */ = {isa = PBXFileReference; fileEncoding = 4; lastKnownFileType = sourcecode.swift; path = GridLabel.swift; sourceTree = "<group>"; };
/* End PBXFileReference section */

/* Begin PBXFrameworksBuildPhase section */
		3FFDD0091BFE46A200E7A0FF /* Frameworks */ = {
			isa = PBXFrameworksBuildPhase;
			buildActionMask = 2147483647;
			files = (
			);
			runOnlyForDeploymentPostprocessing = 0;
		};
		3FFDD01E1BFE46A200E7A0FF /* Frameworks */ = {
			isa = PBXFrameworksBuildPhase;
			buildActionMask = 2147483647;
			files = (
			);
			runOnlyForDeploymentPostprocessing = 0;
		};
/* End PBXFrameworksBuildPhase section */

/* Begin PBXGroup section */
		3FFDD0031BFE46A200E7A0FF = {
			isa = PBXGroup;
			children = (
				3FFDD00E1BFE46A200E7A0FF /* Connect Four */,
				3FFDD0241BFE46A200E7A0FF /* Connect Four Tests */,
				3FFDD00D1BFE46A200E7A0FF /* Products */,
			);
			sourceTree = "<group>";
		};
		3FFDD00D1BFE46A200E7A0FF /* Products */ = {
			isa = PBXGroup;
			children = (
				3FFDD00C1BFE46A200E7A0FF /* Connect Four.app */,
				3FFDD0211BFE46A200E7A0FF /* Connect Four.xctest */,
			);
			name = Products;
			sourceTree = "<group>";
		};
		3FFDD00E1BFE46A200E7A0FF /* Connect Four */ = {
			isa = PBXGroup;
			children = (
				3FFDD0111BFE46A200E7A0FF /* AppDelegate.swift */,
				3FFDD0131BFE46A200E7A0FF /* ViewController.swift */,
				3FFDD0151BFE46A200E7A0FF /* Main.storyboard */,
				3FFDD0311BFE485300E7A0FF /* GridLabel.swift */,
				3FFDD0181BFE46A200E7A0FF /* Images.xcassets */,
				3FFDD01A1BFE46A200E7A0FF /* LaunchScreen.xib */,
				3FFDD00F1BFE46A200E7A0FF /* Supporting Files */,
			);
			name = "Connect Four";
			path = TicTacToe;
			sourceTree = "<group>";
		};
		3FFDD00F1BFE46A200E7A0FF /* Supporting Files */ = {
			isa = PBXGroup;
			children = (
				3FFDD0101BFE46A200E7A0FF /* Info.plist */,
			);
			name = "Supporting Files";
			sourceTree = "<group>";
		};
		3FFDD0241BFE46A200E7A0FF /* Connect Four Tests */ = {
			isa = PBXGroup;
			children = (
				3FFDD0271BFE46A200E7A0FF /* Connect Four.swift */,
				3FFDD0251BFE46A200E7A0FF /* Supporting Files */,
			);
			name = "Connect Four Tests";
			path = TicTacToeTests;
			sourceTree = "<group>";
		};
		3FFDD0251BFE46A200E7A0FF /* Supporting Files */ = {
			isa = PBXGroup;
			children = (
				3FFDD0261BFE46A200E7A0FF /* Info.plist */,
			);
			name = "Supporting Files";
			sourceTree = "<group>";
		};
/* End PBXGroup section */

/* Begin PBXNativeTarget section */
		3FFDD00B1BFE46A200E7A0FF /* Connect Four */ = {
			isa = PBXNativeTarget;
			buildConfigurationList = 3FFDD02B1BFE46A200E7A0FF /* Build configuration list for PBXNativeTarget "Connect Four" */;
			buildPhases = (
				3FFDD0081BFE46A200E7A0FF /* Sources */,
				3FFDD0091BFE46A200E7A0FF /* Frameworks */,
				3FFDD00A1BFE46A200E7A0FF /* Resources */,
			);
			buildRules = (
			);
			dependencies = (
			);
			name = "Connect Four";
			productName = TicTacToe;
			productReference = 3FFDD00C1BFE46A200E7A0FF /* Connect Four.app */;
			productType = "com.apple.product-type.application";
		};
		3FFDD0201BFE46A200E7A0FF /* Connect FourTests */ = {
			isa = PBXNativeTarget;
			buildConfigurationList = 3FFDD02E1BFE46A200E7A0FF /* Build configuration list for PBXNativeTarget "Connect FourTests" */;
			buildPhases = (
				3FFDD01D1BFE46A200E7A0FF /* Sources */,
				3FFDD01E1BFE46A200E7A0FF /* Frameworks */,
				3FFDD01F1BFE46A200E7A0FF /* Resources */,
			);
			buildRules = (
			);
			dependencies = (
				3FFDD0231BFE46A200E7A0FF /* PBXTargetDependency */,
			);
			name = "Connect FourTests";
			productName = TicTacToeTests;
			productReference = 3FFDD0211BFE46A200E7A0FF /* Connect Four.xctest */;
			productType = "com.apple.product-type.bundle.unit-test";
		};
/* End PBXNativeTarget section */

/* Begin PBXProject section */
		3FFDD0041BFE46A200E7A0FF /* Project object */ = {
			isa = PBXProject;
			attributes = {
				LastSwiftUpdateCheck = 0710;
				LastUpgradeCheck = 0710;
				ORGANIZATIONNAME = "Quantum Reality Applications";
				TargetAttributes = {
					3FFDD00B1BFE46A200E7A0FF = {
						CreatedOnToolsVersion = 6.4;
						DevelopmentTeam = 7D6X2SH5D5;
					};
					3FFDD0201BFE46A200E7A0FF = {
						CreatedOnToolsVersion = 6.4;
						TestTargetID = 3FFDD00B1BFE46A200E7A0FF;
					};
				};
			};
			buildConfigurationList = 3FFDD0071BFE46A200E7A0FF /* Build configuration list for PBXProject "Connect Four" */;
			compatibilityVersion = "Xcode 3.2";
			developmentRegion = English;
			hasScannedForEncodings = 0;
			knownRegions = (
				en,
				Base,
			);
			mainGroup = 3FFDD0031BFE46A200E7A0FF;
			productRefGroup = 3FFDD00D1BFE46A200E7A0FF /* Products */;
			projectDirPath = "";
			projectRoot = "";
			targets = (
				3FFDD00B1BFE46A200E7A0FF /* Connect Four */,
				3FFDD0201BFE46A200E7A0FF /* Connect FourTests */,
			);
		};
/* End PBXProject section */

/* Begin PBXResourcesBuildPhase section */
		3FFDD00A1BFE46A200E7A0FF /* Resources */ = {
			isa = PBXResourcesBuildPhase;
			buildActionMask = 2147483647;
			files = (
				3FFDD0171BFE46A200E7A0FF /* Main.storyboard in Resources */,
				3FFDD01C1BFE46A200E7A0FF /* LaunchScreen.xib in Resources */,
				3FFDD0191BFE46A200E7A0FF /* Images.xcassets in Resources */,
			);
			runOnlyForDeploymentPostprocessing = 0;
		};
		3FFDD01F1BFE46A200E7A0FF /* Resources */ = {
			isa = PBXResourcesBuildPhase;
			buildActionMask = 2147483647;
			files = (
			);
			runOnlyForDeploymentPostprocessing = 0;
		};
/* End PBXResourcesBuildPhase section */

/* Begin PBXSourcesBuildPhase section */
		3FFDD0081BFE46A200E7A0FF /* Sources */ = {
			isa = PBXSourcesBuildPhase;
			buildActionMask = 2147483647;
			files = (
				3FFDD0321BFE485300E7A0FF /* GridLabel.swift in Sources */,
				3FFDD0141BFE46A200E7A0FF /* ViewController.swift in Sources */,
				3FFDD0121BFE46A200E7A0FF /* AppDelegate.swift in Sources */,
			);
			runOnlyForDeploymentPostprocessing = 0;
		};
		3FFDD01D1BFE46A200E7A0FF /* Sources */ = {
			isa = PBXSourcesBuildPhase;
			buildActionMask = 2147483647;
			files = (
				3FFDD0281BFE46A200E7A0FF /* Connect Four.swift in Sources */,
			);
			runOnlyForDeploymentPostprocessing = 0;
		};
/* End PBXSourcesBuildPhase section */

/* Begin PBXTargetDependency section */
		3FFDD0231BFE46A200E7A0FF /* PBXTargetDependency */ = {
			isa = PBXTargetDependency;
			target = 3FFDD00B1BFE46A200E7A0FF /* Connect Four */;
			targetProxy = 3FFDD0221BFE46A200E7A0FF /* PBXContainerItemProxy */;
		};
/* End PBXTargetDependency section */

/* Begin PBXVariantGroup section */
		3FFDD0151BFE46A200E7A0FF /* Main.storyboard */ = {
			isa = PBXVariantGroup;
			children = (
				3FFDD0161BFE46A200E7A0FF /* Base */,
			);
			name = Main.storyboard;
			sourceTree = "<group>";
		};
		3FFDD01A1BFE46A200E7A0FF /* LaunchScreen.xib */ = {
			isa = PBXVariantGroup;
			children = (
				3FFDD01B1BFE46A200E7A0FF /* Base */,
			);
			name = LaunchScreen.xib;
			sourceTree = "<group>";
		};
/* End PBXVariantGroup section */

/* Begin XCBuildConfiguration section */
		3FFDD0291BFE46A200E7A0FF /* Debug */ = {
			isa = XCBuildConfiguration;
			buildSettings = {
				ALWAYS_SEARCH_USER_PATHS = NO;
				CLANG_CXX_LANGUAGE_STANDARD = "gnu++0x";
				CLANG_CXX_LIBRARY = "libc++";
				CLANG_ENABLE_MODULES = YES;
				CLANG_ENABLE_OBJC_ARC = YES;
				CLANG_WARN_BOOL_CONVERSION = YES;
				CLANG_WARN_CONSTANT_CONVERSION = YES;
				CLANG_WARN_DIRECT_OBJC_ISA_USAGE = YES_ERROR;
				CLANG_WARN_EMPTY_BODY = YES;
				CLANG_WARN_ENUM_CONVERSION = YES;
				CLANG_WARN_INT_CONVERSION = YES;
				CLANG_WARN_OBJC_ROOT_CLASS = YES_ERROR;
				CLANG_WARN_UNREACHABLE_CODE = YES;
				CLANG_WARN__DUPLICATE_METHOD_MATCH = YES;
				"CODE_SIGN_IDENTITY[sdk=iphoneos*]" = "iPhone Developer";
				COPY_PHASE_STRIP = NO;
				DEBUG_INFORMATION_FORMAT = "dwarf-with-dsym";
				ENABLE_STRICT_OBJC_MSGSEND = YES;
				ENABLE_TESTABILITY = YES;
				GCC_C_LANGUAGE_STANDARD = gnu99;
				GCC_DYNAMIC_NO_PIC = NO;
				GCC_NO_COMMON_BLOCKS = YES;
				GCC_OPTIMIZATION_LEVEL = 0;
				GCC_PREPROCESSOR_DEFINITIONS = (
					"DEBUG=1",
					"$(inherited)",
				);
				GCC_SYMBOLS_PRIVATE_EXTERN = NO;
				GCC_WARN_64_TO_32_BIT_CONVERSION = YES;
				GCC_WARN_ABOUT_RETURN_TYPE = YES_ERROR;
				GCC_WARN_UNDECLARED_SELECTOR = YES;
				GCC_WARN_UNINITIALIZED_AUTOS = YES_AGGRESSIVE;
				GCC_WARN_UNUSED_FUNCTION = YES;
				GCC_WARN_UNUSED_VARIABLE = YES;
				IPHONEOS_DEPLOYMENT_TARGET = 9.1;
				MTL_ENABLE_DEBUG_INFO = YES;
				ONLY_ACTIVE_ARCH = YES;
				SDKROOT = iphoneos;
				SWIFT_OPTIMIZATION_LEVEL = "-Onone";
				TARGETED_DEVICE_FAMILY = "1,2";
			};
			name = Debug;
		};
		3FFDD02A1BFE46A200E7A0FF /* Release */ = {
			isa = XCBuildConfiguration;
			buildSettings = {
				ALWAYS_SEARCH_USER_PATHS = NO;
				CLANG_CXX_LANGUAGE_STANDARD = "gnu++0x";
				CLANG_CXX_LIBRARY = "libc++";
				CLANG_ENABLE_MODULES = YES;
				CLANG_ENABLE_OBJC_ARC = YES;
				CLANG_WARN_BOOL_CONVERSION = YES;
				CLANG_WARN_CONSTANT_CONVERSION = YES;
				CLANG_WARN_DIRECT_OBJC_ISA_USAGE = YES_ERROR;
				CLANG_WARN_EMPTY_BODY = YES;
				CLANG_WARN_ENUM_CONVERSION = YES;
				CLANG_WARN_INT_CONVERSION = YES;
				CLANG_WARN_OBJC_ROOT_CLASS = YES_ERROR;
				CLANG_WARN_UNREACHABLE_CODE = YES;
				CLANG_WARN__DUPLICATE_METHOD_MATCH = YES;
				"CODE_SIGN_IDENTITY[sdk=iphoneos*]" = "iPhone Developer";
				COPY_PHASE_STRIP = NO;
				DEBUG_INFORMATION_FORMAT = "dwarf-with-dsym";
				ENABLE_NS_ASSERTIONS = NO;
				ENABLE_STRICT_OBJC_MSGSEND = YES;
				GCC_C_LANGUAGE_STANDARD = gnu99;
				GCC_NO_COMMON_BLOCKS = YES;
				GCC_WARN_64_TO_32_BIT_CONVERSION = YES;
				GCC_WARN_ABOUT_RETURN_TYPE = YES_ERROR;
				GCC_WARN_UNDECLARED_SELECTOR = YES;
				GCC_WARN_UNINITIALIZED_AUTOS = YES_AGGRESSIVE;
				GCC_WARN_UNUSED_FUNCTION = YES;
				GCC_WARN_UNUSED_VARIABLE = YES;
				IPHONEOS_DEPLOYMENT_TARGET = 9.1;
				MTL_ENABLE_DEBUG_INFO = NO;
				SDKROOT = iphoneos;
				TARGETED_DEVICE_FAMILY = "1,2";
				VALIDATE_PRODUCT = YES;
			};
			name = Release;
		};
		3FFDD02C1BFE46A200E7A0FF /* Debug */ = {
			isa = XCBuildConfiguration;
			buildSettings = {
				ASSETCATALOG_COMPILER_APPICON_NAME = AppIcon;
				CODE_SIGN_IDENTITY = "iPhone Developer";
				"CODE_SIGN_IDENTITY[sdk=iphoneos*]" = "iPhone Developer";
				INFOPLIST_FILE = TicTacToe/Info.plist;
				LD_RUNPATH_SEARCH_PATHS = "$(inherited) @executable_path/Frameworks";
				PRODUCT_BUNDLE_IDENTIFIER = "Quantum-Reality-Applications.TicTacToe";
				PRODUCT_NAME = "Connect Four";
				PROVISIONING_PROFILE = "";
				TARGETED_DEVICE_FAMILY = 1;
			};
			name = Debug;
		};
		3FFDD02D1BFE46A200E7A0FF /* Release */ = {
			isa = XCBuildConfiguration;
			buildSettings = {
				ASSETCATALOG_COMPILER_APPICON_NAME = AppIcon;
				CODE_SIGN_IDENTITY = "iPhone Developer";
				"CODE_SIGN_IDENTITY[sdk=iphoneos*]" = "iPhone Developer";
				INFOPLIST_FILE = TicTacToe/Info.plist;
				LD_RUNPATH_SEARCH_PATHS = "$(inherited) @executable_path/Frameworks";
				PRODUCT_BUNDLE_IDENTIFIER = "Quantum-Reality-Applications.TicTacToe";
				PRODUCT_NAME = "Connect Four";
				PROVISIONING_PROFILE = "";
				TARGETED_DEVICE_FAMILY = 1;
			};
			name = Release;
		};
		3FFDD02F1BFE46A200E7A0FF /* Debug */ = {
			isa = XCBuildConfiguration;
			buildSettings = {
				BUNDLE_LOADER = "$(TEST_HOST)";
				FRAMEWORK_SEARCH_PATHS = (
					"$(SDKROOT)/Developer/Library/Frameworks",
					"$(inherited)",
				);
				GCC_PREPROCESSOR_DEFINITIONS = (
					"DEBUG=1",
					"$(inherited)",
				);
				INFOPLIST_FILE = TicTacToeTests/Info.plist;
				LD_RUNPATH_SEARCH_PATHS = "$(inherited) @executable_path/Frameworks @loader_path/Frameworks";
				PRODUCT_BUNDLE_IDENTIFIER = "Quantum-Rreality-Applications.$(PRODUCT_NAME:rfc1034identifier)";
				PRODUCT_NAME = "Connect Four";
				TEST_HOST = "$(BUILT_PRODUCTS_DIR)/Connect Four.app/Connect Four";
			};
			name = Debug;
		};
		3FFDD0301BFE46A200E7A0FF /* Release */ = {
			isa = XCBuildConfiguration;
			buildSettings = {
				BUNDLE_LOADER = "$(TEST_HOST)";
				FRAMEWORK_SEARCH_PATHS = (
					"$(SDKROOT)/Developer/Library/Frameworks",
					"$(inherited)",
				);
				INFOPLIST_FILE = TicTacToeTests/Info.plist;
				LD_RUNPATH_SEARCH_PATHS = "$(inherited) @executable_path/Frameworks @loader_path/Frameworks";
				PRODUCT_BUNDLE_IDENTIFIER = "Quantum-Rreality-Applications.$(PRODUCT_NAME:rfc1034identifier)";
				PRODUCT_NAME = "Connect Four";
				TEST_HOST = "$(BUILT_PRODUCTS_DIR)/Connect Four.app/Connect Four";
			};
			name = Release;
		};
/* End XCBuildConfiguration section */

/* Begin XCConfigurationList section */
		3FFDD0071BFE46A200E7A0FF /* Build configuration list for PBXProject "Connect Four" */ = {
			isa = XCConfigurationList;
			buildConfigurations = (
				3FFDD0291BFE46A200E7A0FF /* Debug */,
				3FFDD02A1BFE46A200E7A0FF /* Release */,
			);
			defaultConfigurationIsVisible = 0;
			defaultConfigurationName = Release;
		};
		3FFDD02B1BFE46A200E7A0FF /* Build configuration list for PBXNativeTarget "Connect Four" */ = {
			isa = XCConfigurationList;
			buildConfigurations = (
				3FFDD02C1BFE46A200E7A0FF /* Debug */,
				3FFDD02D1BFE46A200E7A0FF /* Release */,
			);
			defaultConfigurationIsVisible = 0;
			defaultConfigurationName = Release;
		};
		3FFDD02E1BFE46A200E7A0FF /* Build configuration list for PBXNativeTarget "Connect FourTests" */ = {
			isa = XCConfigurationList;
			buildConfigurations = (
				3FFDD02F1BFE46A200E7A0FF /* Debug */,
				3FFDD0301BFE46A200E7A0FF /* Release */,
			);
			defaultConfigurationIsVisible = 0;
			defaultConfigurationName = Release;
		};
/* End XCConfigurationList section */
	};
	rootObject = 3FFDD0041BFE46A200E7A0FF /* Project object */;
}
